
Microsoft Visual Studio Solution File, Format Version 12.00
# Visual Studio Version 16
VisualStudioVersion = 25.0.1703.4
MinimumVisualStudioVersion = 10.0.40219.1
Project("{FAE04EC0-301F-11D3-BF4B-00C04F79EFBC}") = "Module2HM3", "Module2HM3.csproj", "{2A69062E-8D61-4054-9F69-73AC8B2C0DD6}"
EndProject
Global
	GlobalSection(SolutionConfigurationPlatforms) = preSolution
		Debug|Any CPU = Debug|Any CPU
		Release|Any CPU = Release|Any CPU
	EndGlobalSection
	GlobalSection(ProjectConfigurationPlatforms) = postSolution
		{2A69062E-8D61-4054-9F69-73AC8B2C0DD6}.Debug|Any CPU.ActiveCfg = Debug|Any CPU
		{2A69062E-8D61-4054-9F69-73AC8B2C0DD6}.Debug|Any CPU.Build.0 = Debug|Any CPU
		{2A69062E-8D61-4054-9F69-73AC8B2C0DD6}.Release|Any CPU.ActiveCfg = Release|Any CPU
		{2A69062E-8D61-4054-9F69-73AC8B2C0DD6}.Release|Any CPU.Build.0 = Release|Any CPU
	EndGlobalSection
	GlobalSection(SolutionProperties) = preSolution
		HideSolutionNode = FALSE
	EndGlobalSection
	GlobalSection(ExtensibilityGlobals) = postSolution
		SolutionGuid = {E9E9EAD1-F25C-47DA-B5F2-3D6E4ED242BF}
	EndGlobalSection
EndGlobal
